
Microsoft Visual Studio Solution File, Format Version 12.00
# Visual Studio 15
VisualStudioVersion = 15.0.27130.2024
MinimumVisualStudioVersion = 10.0.40219.1
Project("{FAE04EC0-301F-11D3-BF4B-00C04F79EFBC}") = "GestionParcInterface", "GestionParcInterface\GestionParcInterface.csproj", "{0A0D3B74-AAB1-40C2-A816-BF203EC180B7}"
EndProject
Global
	GlobalSection(SolutionConfigurationPlatforms) = preSolution
		Debug|Any CPU = Debug|Any CPU
		Release|Any CPU = Release|Any CPU
	EndGlobalSection
	GlobalSection(ProjectConfigurationPlatforms) = postSolution
		{0A0D3B74-AAB1-40C2-A816-BF203EC180B7}.Debug|Any CPU.ActiveCfg = Debug|Any CPU
		{0A0D3B74-AAB1-40C2-A816-BF203EC180B7}.Debug|Any CPU.Build.0 = Debug|Any CPU
		{0A0D3B74-AAB1-40C2-A816-BF203EC180B7}.Release|Any CPU.ActiveCfg = Release|Any CPU
		{0A0D3B74-AAB1-40C2-A816-BF203EC180B7}.Release|Any CPU.Build.0 = Release|Any CPU
	EndGlobalSection
	GlobalSection(SolutionProperties) = preSolution
		HideSolutionNode = FALSE
	EndGlobalSection
	GlobalSection(ExtensibilityGlobals) = postSolution
		SolutionGuid = {A1B830A2-FF25-4B7F-A31C-9302F4268C8A}
	EndGlobalSection
EndGlobal
